{
  "version": 4,
  "terraform_version": "1.7.1",
  "serial": 104,
  "lineage": "51028c22-4dff-309a-6a0a-1d7ef183c4cf",
  "outputs": {},
  "resources": [
    {
      "mode": "data",
      "type": "yandex_compute_image",
      "name": "coi",
      "provider": "provider[\"registry.terraform.io/yandex-cloud/yandex\"]",
      "instances": [
        {
          "schema_version": 0,
          "attributes": {
            "created_at": "2023-12-14T09:16:39Z",
            "description": "Container Optimized Image 2.3.49",
            "family": "container-optimized-image",
            "folder_id": "standard-images",
            "id": "fd8vq2agp2bltpk94ule",
            "image_id": "fd8vq2agp2bltpk94ule",
            "labels": {},
            "min_disk_size": 30,
            "name": "container-optimized-image-v20231214",
            "os_type": "linux",
            "pooled": true,
            "product_ids": [
              "f2eqfaj4nkuj0at96a0a"
            ],
            "size": 5,
            "status": "ready"
          },
          "sensitive_attributes": []
        }
      ]
    },
    {
      "mode": "managed",
      "type": "yandex_compute_instance",
      "name": "catgpt-1",
      "provider": "provider[\"registry.terraform.io/yandex-cloud/yandex\"]",
      "instances": [
        {
          "schema_version": 1,
          "attributes": {
            "allow_recreate": null,
            "allow_stopping_for_update": null,
            "boot_disk": [
              {
                "auto_delete": true,
                "device_name": "fhmt8uafo9nj99bbhtea",
                "disk_id": "fhmt8uafo9nj99bbhtea",
                "initialize_params": [
                  {
                    "block_size": 4096,
                    "description": "",
                    "image_id": "fd8vq2agp2bltpk94ule",
                    "name": "",
                    "size": 30,
                    "snapshot_id": "",
                    "type": "network-hdd"
                  }
                ],
                "mode": "READ_WRITE"
              }
            ],
            "created_at": "2024-02-07T12:12:18Z",
            "description": "",
            "filesystem": [],
            "folder_id": "b1g665agp5589ntuqkr1",
            "fqdn": "fhmst77ku9lnrrksvnni.auto.internal",
            "gpu_cluster_id": "",
            "hostname": "",
            "id": "fhmst77ku9lnrrksvnni",
            "labels": {},
            "local_disk": [],
            "maintenance_grace_period": "",
            "maintenance_policy": null,
            "metadata": {
              "docker-compose": "version: '3.7'\nservices:\n  catgpt:\n    container_name: catgpt\n    image: \"cr.yandex/crpdljjmir11npprksgk/catgpt:latest\"\n    restart: always\n    network_mode: \"host\"\n  # unifiedagent:\n  #   container_name: unifiedagent\n  #   image: \"cr.yandex/yc/unifiedagent:latest\"\n  #   environment:\n  #     FOLDER_ID: \"${folder_id}\"\n  #   restart: always\n  #   network_mode: \"host\"\n  #   volumes:\n  #     - /ua:/etc/yandex/unified_agent/conf.d\n",
              "ssh-keys": "ubuntu:ssh-rsa AAAAB3NzaC1yc2EAAAADAQABAAABgQC6INf25FlwqNGE8vSzSQutUV5MXRM5snWNZZAjWkoruMBaqWdmOXumYvf1svql51I0bsvw6bRtTyoscXatLQMEbONuX3nldeU5ckNieSa7+gpfVJMuEUvenzSxwSDpFhftCEJU80WQqVnCmmf8ppVgbOcHMLZ8EXc7jUUVHQqvqPGYDAc34amOcl7AgTHSWgVNvBVGbUYgagyRwDBdcIUHPsqXim/xdAeZ8tx4SNgHdKp1vC59Qi8ig1UncpBfhz3LZtQRV0kEVrYGvQ2Y7TrwmpgRiN11XMRhxbw4TbcQko7MgGl9ocEsDgXJusYxTsV3HkODBSmY7jLTUDb2NxiXJmiQiDYECHCaXz4vGmznWvsWXzvYgAVRCvBXffwfeUCQsv12NXprvV2msjG/QiUxAbSEic1p6sOQKmjM1ni8lSwLZ/KAfUu7pWl97JvnmfwMQOypf5M0X1u4+V5ZwE04cUV2xfx0DdFdsYqsjL4qDGXsGYrg7Fp1oITc1cP9fo0= gregorysizov@MacBook-Pro-Gregory.local\n"
            },
            "metadata_options": [
              {
                "aws_v1_http_endpoint": 1,
                "aws_v1_http_token": 2,
                "gce_http_endpoint": 1,
                "gce_http_token": 1
              }
            ],
            "name": "",
            "network_acceleration_type": "standard",
            "network_interface": [
              {
                "dns_record": [],
                "index": 0,
                "ip_address": "10.5.0.19",
                "ipv4": true,
                "ipv6": false,
                "ipv6_address": "",
                "ipv6_dns_record": [],
                "mac_address": "d0:0d:1c:e9:cf:4f",
                "nat": true,
                "nat_dns_record": [],
                "nat_ip_address": "178.154.207.187",
                "nat_ip_version": "IPV4",
                "security_group_ids": [],
                "subnet_id": "e9bqoafcjk0jq6nan1jh"
              }
            ],
            "placement_policy": [
              {
                "host_affinity_rules": [],
                "placement_group_id": "",
                "placement_group_partition": 0
              }
            ],
            "platform_id": "standard-v2",
            "resources": [
              {
                "core_fraction": 5,
                "cores": 2,
                "gpus": 0,
                "memory": 1
              }
            ],
            "scheduling_policy": [
              {
                "preemptible": true
              }
            ],
            "secondary_disk": [],
            "service_account_id": "ajeh77i9smaaasj6q85b",
            "status": "running",
            "timeouts": null,
            "zone": "ru-central1-a"
          },
          "sensitive_attributes": [],
          "private": "eyJlMmJmYjczMC1lY2FhLTExZTYtOGY4OC0zNDM2M2JjN2M0YzAiOnsiY3JlYXRlIjozMDAwMDAwMDAwMDAsImRlbGV0ZSI6MzAwMDAwMDAwMDAwLCJ1cGRhdGUiOjMwMDAwMDAwMDAwMH0sInNjaGVtYV92ZXJzaW9uIjoiMSJ9",
          "dependencies": [
            "data.yandex_compute_image.coi",
            "yandex_iam_service_account.service-accounts",
            "yandex_vpc_network.my_network",
            "yandex_vpc_subnet.my_network_subnet"
          ]
        }
      ]
    },
    {
      "mode": "managed",
      "type": "yandex_compute_instance",
      "name": "catgpt-2",
      "provider": "provider[\"registry.terraform.io/yandex-cloud/yandex\"]",
      "instances": [
        {
          "schema_version": 1,
          "attributes": {
            "allow_recreate": null,
            "allow_stopping_for_update": null,
            "boot_disk": [
              {
                "auto_delete": true,
                "device_name": "fhmba3839687u28soda3",
                "disk_id": "fhmba3839687u28soda3",
                "initialize_params": [
                  {
                    "block_size": 4096,
                    "description": "",
                    "image_id": "fd8vq2agp2bltpk94ule",
                    "name": "",
                    "size": 30,
                    "snapshot_id": "",
                    "type": "network-hdd"
                  }
                ],
                "mode": "READ_WRITE"
              }
            ],
            "created_at": "2024-02-07T12:12:18Z",
            "description": "",
            "filesystem": [],
            "folder_id": "b1g665agp5589ntuqkr1",
            "fqdn": "fhmtmt96dk2cm2h2tj1g.auto.internal",
            "gpu_cluster_id": "",
            "hostname": "",
            "id": "fhmtmt96dk2cm2h2tj1g",
            "labels": {},
            "local_disk": [],
            "maintenance_grace_period": "",
            "maintenance_policy": null,
            "metadata": {
              "docker-compose": "version: '3.7'\nservices:\n  catgpt:\n    container_name: catgpt\n    image: \"cr.yandex/crpdljjmir11npprksgk/catgpt:latest\"\n    restart: always\n    network_mode: \"host\"\n  # unifiedagent:\n  #   container_name: unifiedagent\n  #   image: \"cr.yandex/yc/unifiedagent:latest\"\n  #   environment:\n  #     FOLDER_ID: \"${folder_id}\"\n  #   restart: always\n  #   network_mode: \"host\"\n  #   volumes:\n  #     - /ua:/etc/yandex/unified_agent/conf.d\n",
              "ssh-keys": "ubuntu:ssh-rsa AAAAB3NzaC1yc2EAAAADAQABAAABgQC6INf25FlwqNGE8vSzSQutUV5MXRM5snWNZZAjWkoruMBaqWdmOXumYvf1svql51I0bsvw6bRtTyoscXatLQMEbONuX3nldeU5ckNieSa7+gpfVJMuEUvenzSxwSDpFhftCEJU80WQqVnCmmf8ppVgbOcHMLZ8EXc7jUUVHQqvqPGYDAc34amOcl7AgTHSWgVNvBVGbUYgagyRwDBdcIUHPsqXim/xdAeZ8tx4SNgHdKp1vC59Qi8ig1UncpBfhz3LZtQRV0kEVrYGvQ2Y7TrwmpgRiN11XMRhxbw4TbcQko7MgGl9ocEsDgXJusYxTsV3HkODBSmY7jLTUDb2NxiXJmiQiDYECHCaXz4vGmznWvsWXzvYgAVRCvBXffwfeUCQsv12NXprvV2msjG/QiUxAbSEic1p6sOQKmjM1ni8lSwLZ/KAfUu7pWl97JvnmfwMQOypf5M0X1u4+V5ZwE04cUV2xfx0DdFdsYqsjL4qDGXsGYrg7Fp1oITc1cP9fo0= gregorysizov@MacBook-Pro-Gregory.local\n"
            },
            "metadata_options": [
              {
                "aws_v1_http_endpoint": 1,
                "aws_v1_http_token": 2,
                "gce_http_endpoint": 1,
                "gce_http_token": 1
              }
            ],
            "name": "",
            "network_acceleration_type": "standard",
            "network_interface": [
              {
                "dns_record": [],
                "index": 0,
                "ip_address": "10.5.0.28",
                "ipv4": true,
                "ipv6": false,
                "ipv6_address": "",
                "ipv6_dns_record": [],
                "mac_address": "d0:0d:1d:b7:52:66",
                "nat": true,
                "nat_dns_record": [],
                "nat_ip_address": "178.154.204.158",
                "nat_ip_version": "IPV4",
                "security_group_ids": [],
                "subnet_id": "e9bqoafcjk0jq6nan1jh"
              }
            ],
            "placement_policy": [
              {
                "host_affinity_rules": [],
                "placement_group_id": "",
                "placement_group_partition": 0
              }
            ],
            "platform_id": "standard-v2",
            "resources": [
              {
                "core_fraction": 5,
                "cores": 2,
                "gpus": 0,
                "memory": 1
              }
            ],
            "scheduling_policy": [
              {
                "preemptible": true
              }
            ],
            "secondary_disk": [],
            "service_account_id": "ajeh77i9smaaasj6q85b",
            "status": "running",
            "timeouts": null,
            "zone": "ru-central1-a"
          },
          "sensitive_attributes": [],
          "private": "eyJlMmJmYjczMC1lY2FhLTExZTYtOGY4OC0zNDM2M2JjN2M0YzAiOnsiY3JlYXRlIjozMDAwMDAwMDAwMDAsImRlbGV0ZSI6MzAwMDAwMDAwMDAwLCJ1cGRhdGUiOjMwMDAwMDAwMDAwMH0sInNjaGVtYV92ZXJzaW9uIjoiMSJ9",
          "dependencies": [
            "data.yandex_compute_image.coi",
            "yandex_iam_service_account.service-accounts",
            "yandex_vpc_network.my_network",
            "yandex_vpc_subnet.my_network_subnet"
          ]
        }
      ]
    },
    {
      "mode": "managed",
      "type": "yandex_container_registry",
      "name": "registry1",
      "provider": "provider[\"registry.terraform.io/yandex-cloud/yandex\"]",
      "instances": [
        {
          "schema_version": 0,
          "attributes": {
            "created_at": "2024-02-07T09:00:52Z",
            "folder_id": "b1g665agp5589ntuqkr1",
            "id": "crpdljjmir11npprksgk",
            "labels": {},
            "name": "registry1",
            "status": "active",
            "timeouts": null
          },
          "sensitive_attributes": [],
          "private": "eyJlMmJmYjczMC1lY2FhLTExZTYtOGY4OC0zNDM2M2JjN2M0YzAiOnsiY3JlYXRlIjo5MDAwMDAwMDAwMDAsImRlbGV0ZSI6OTAwMDAwMDAwMDAwLCJ1cGRhdGUiOjkwMDAwMDAwMDAwMH19"
        }
      ]
    },
    {
      "mode": "managed",
      "type": "yandex_iam_service_account",
      "name": "service-accounts",
      "provider": "provider[\"registry.terraform.io/yandex-cloud/yandex\"]",
      "instances": [
        {
          "index_key": "catgpt-sa",
          "schema_version": 0,
          "attributes": {
            "created_at": "2024-02-07T11:16:52Z",
            "description": "",
            "folder_id": "b1g665agp5589ntuqkr1",
            "id": "ajeh77i9smaaasj6q85b",
            "name": "b1g665agp5589ntuqkr1-catgpt-sa",
            "timeouts": null
          },
          "sensitive_attributes": [],
          "private": "eyJlMmJmYjczMC1lY2FhLTExZTYtOGY4OC0zNDM2M2JjN2M0YzAiOnsiY3JlYXRlIjo2MDAwMDAwMDAwMCwiZGVsZXRlIjo2MDAwMDAwMDAwMCwidXBkYXRlIjo2MDAwMDAwMDAwMH19"
        }
      ]
    },
    {
      "mode": "managed",
      "type": "yandex_lb_network_load_balancer",
      "name": "catgpt-balancer",
      "provider": "provider[\"registry.terraform.io/yandex-cloud/yandex\"]",
      "instances": [
        {
          "schema_version": 0,
          "attributes": {
            "attached_target_group": [
              {
                "healthcheck": [
                  {
                    "healthy_threshold": 2,
                    "http_options": [
                      {
                        "path": "/ping",
                        "port": 8080
                      }
                    ],
                    "interval": 2,
                    "name": "http",
                    "tcp_options": [],
                    "timeout": 1,
                    "unhealthy_threshold": 2
                  }
                ],
                "target_group_id": "enpudqulrmbuah7r3hp4"
              }
            ],
            "created_at": "2024-02-07T12:13:01Z",
            "deletion_protection": false,
            "description": "",
            "folder_id": "b1g665agp5589ntuqkr1",
            "id": "enpt4628rojmqiae2usi",
            "labels": {},
            "listener": [
              {
                "external_address_spec": [
                  {
                    "address": "158.160.138.102",
                    "ip_version": "ipv4"
                  }
                ],
                "internal_address_spec": [],
                "name": "my-listener",
                "port": 8080,
                "protocol": "tcp",
                "target_port": 8080
              }
            ],
            "name": "my-network-load-balancer",
            "region_id": "ru-central1",
            "timeouts": null,
            "type": "external"
          },
          "sensitive_attributes": [],
          "private": "eyJlMmJmYjczMC1lY2FhLTExZTYtOGY4OC0zNDM2M2JjN2M0YzAiOnsiY3JlYXRlIjozMDAwMDAwMDAwMDAsImRlbGV0ZSI6MzAwMDAwMDAwMDAwLCJ1cGRhdGUiOjMwMDAwMDAwMDAwMH19",
          "dependencies": [
            "data.yandex_compute_image.coi",
            "yandex_compute_instance.catgpt-1",
            "yandex_compute_instance.catgpt-2",
            "yandex_iam_service_account.service-accounts",
            "yandex_lb_target_group.lb_group",
            "yandex_vpc_network.my_network",
            "yandex_vpc_subnet.my_network_subnet"
          ]
        }
      ]
    },
    {
      "mode": "managed",
      "type": "yandex_lb_target_group",
      "name": "lb_group",
      "provider": "provider[\"registry.terraform.io/yandex-cloud/yandex\"]",
      "instances": [
        {
          "schema_version": 0,
          "attributes": {
            "created_at": "2024-02-07T12:12:58Z",
            "description": "",
            "folder_id": "b1g665agp5589ntuqkr1",
            "id": "enpudqulrmbuah7r3hp4",
            "labels": {},
            "name": "my-target-group",
            "region_id": "ru-central1",
            "target": [
              {
                "address": "10.5.0.19",
                "subnet_id": "e9bqoafcjk0jq6nan1jh"
              },
              {
                "address": "10.5.0.28",
                "subnet_id": "e9bqoafcjk0jq6nan1jh"
              }
            ],
            "timeouts": null
          },
          "sensitive_attributes": [],
          "private": "eyJlMmJmYjczMC1lY2FhLTExZTYtOGY4OC0zNDM2M2JjN2M0YzAiOnsiY3JlYXRlIjozMDAwMDAwMDAwMDAsImRlbGV0ZSI6MzAwMDAwMDAwMDAwLCJ1cGRhdGUiOjMwMDAwMDAwMDAwMH19",
          "dependencies": [
            "data.yandex_compute_image.coi",
            "yandex_compute_instance.catgpt-1",
            "yandex_compute_instance.catgpt-2",
            "yandex_iam_service_account.service-accounts",
            "yandex_vpc_network.my_network",
            "yandex_vpc_subnet.my_network_subnet"
          ]
        }
      ]
    },
    {
      "mode": "managed",
      "type": "yandex_resourcemanager_folder_iam_member",
      "name": "catgpt-roles",
      "provider": "provider[\"registry.terraform.io/yandex-cloud/yandex\"]",
      "instances": [
        {
          "index_key": "container-registry.images.puller",
          "schema_version": 0,
          "attributes": {
            "folder_id": "b1g665agp5589ntuqkr1",
            "id": "b1g665agp5589ntuqkr1/container-registry.images.puller/serviceAccount:ajeh77i9smaaasj6q85b",
            "member": "serviceAccount:ajeh77i9smaaasj6q85b",
            "role": "container-registry.images.puller",
            "sleep_after": null,
            "timeouts": null
          },
          "sensitive_attributes": [],
          "private": "eyJlMmJmYjczMC1lY2FhLTExZTYtOGY4OC0zNDM2M2JjN2M0YzAiOnsiY3JlYXRlIjo2MDAwMDAwMDAwMCwiZGVmYXVsdCI6NjAwMDAwMDAwMDAsImRlbGV0ZSI6NjAwMDAwMDAwMDAsInJlYWQiOjYwMDAwMDAwMDAwLCJ1cGRhdGUiOjYwMDAwMDAwMDAwfX0=",
          "dependencies": [
            "yandex_iam_service_account.service-accounts"
          ]
        },
        {
          "index_key": "monitoring.editor",
          "schema_version": 0,
          "attributes": {
            "folder_id": "b1g665agp5589ntuqkr1",
            "id": "b1g665agp5589ntuqkr1/monitoring.editor/serviceAccount:ajeh77i9smaaasj6q85b",
            "member": "serviceAccount:ajeh77i9smaaasj6q85b",
            "role": "monitoring.editor",
            "sleep_after": null,
            "timeouts": null
          },
          "sensitive_attributes": [],
          "private": "eyJlMmJmYjczMC1lY2FhLTExZTYtOGY4OC0zNDM2M2JjN2M0YzAiOnsiY3JlYXRlIjo2MDAwMDAwMDAwMCwiZGVmYXVsdCI6NjAwMDAwMDAwMDAsImRlbGV0ZSI6NjAwMDAwMDAwMDAsInJlYWQiOjYwMDAwMDAwMDAwLCJ1cGRhdGUiOjYwMDAwMDAwMDAwfX0=",
          "dependencies": [
            "yandex_iam_service_account.service-accounts"
          ]
        }
      ]
    },
    {
      "mode": "managed",
      "type": "yandex_vpc_network",
      "name": "my_network",
      "provider": "provider[\"registry.terraform.io/yandex-cloud/yandex\"]",
      "instances": [
        {
          "schema_version": 0,
          "attributes": {
            "created_at": "2024-02-07T11:16:52Z",
            "default_security_group_id": "enp7kc12mop9u88ou71c",
            "description": "",
            "folder_id": "b1g665agp5589ntuqkr1",
            "id": "enpgbqkv6aj59444t66u",
            "labels": {},
            "name": "",
            "subnet_ids": [
              "e9bqoafcjk0jq6nan1jh"
            ],
            "timeouts": null
          },
          "sensitive_attributes": [],
          "private": "eyJlMmJmYjczMC1lY2FhLTExZTYtOGY4OC0zNDM2M2JjN2M0YzAiOnsiY3JlYXRlIjo2MDAwMDAwMDAwMCwiZGVsZXRlIjo2MDAwMDAwMDAwMCwidXBkYXRlIjo2MDAwMDAwMDAwMH19"
        }
      ]
    },
    {
      "mode": "managed",
      "type": "yandex_vpc_subnet",
      "name": "my_network_subnet",
      "provider": "provider[\"registry.terraform.io/yandex-cloud/yandex\"]",
      "instances": [
        {
          "schema_version": 0,
          "attributes": {
            "created_at": "2024-02-07T12:12:16Z",
            "description": "",
            "dhcp_options": [],
            "folder_id": "b1g665agp5589ntuqkr1",
            "id": "e9bqoafcjk0jq6nan1jh",
            "labels": {},
            "name": "",
            "network_id": "enpgbqkv6aj59444t66u",
            "route_table_id": "",
            "timeouts": null,
            "v4_cidr_blocks": [
              "10.5.0.0/24"
            ],
            "v6_cidr_blocks": [],
            "zone": "ru-central1-a"
          },
          "sensitive_attributes": [],
          "private": "eyJlMmJmYjczMC1lY2FhLTExZTYtOGY4OC0zNDM2M2JjN2M0YzAiOnsiY3JlYXRlIjoxODAwMDAwMDAwMDAsImRlbGV0ZSI6MTgwMDAwMDAwMDAwLCJ1cGRhdGUiOjE4MDAwMDAwMDAwMH19",
          "dependencies": [
            "yandex_vpc_network.my_network"
          ]
        }
      ]
    }
  ],
  "check_results": null
}
